
Microsoft Visual Studio Solution File, Format Version 12.00
# Visual Studio Version 17
VisualStudioVersion = 17.10.34916.146
MinimumVisualStudioVersion = 10.0.40219.1
Project("{FAE04EC0-301F-11D3-BF4B-00C04F79EFBC}") = "Menu Console App", "Menu Console App\Menu Console App.csproj", "{5CFDE110-049B-441E-817C-F92981B52A19}"
EndProject
Global
	GlobalSection(SolutionConfigurationPlatforms) = preSolution
		Debug|Any CPU = Debug|Any CPU
		Release|Any CPU = Release|Any CPU
	EndGlobalSection
	GlobalSection(ProjectConfigurationPlatforms) = postSolution
		{5CFDE110-049B-441E-817C-F92981B52A19}.Debug|Any CPU.ActiveCfg = Debug|Any CPU
		{5CFDE110-049B-441E-817C-F92981B52A19}.Debug|Any CPU.Build.0 = Debug|Any CPU
		{5CFDE110-049B-441E-817C-F92981B52A19}.Release|Any CPU.ActiveCfg = Release|Any CPU
		{5CFDE110-049B-441E-817C-F92981B52A19}.Release|Any CPU.Build.0 = Release|Any CPU
	EndGlobalSection
	GlobalSection(SolutionProperties) = preSolution
		HideSolutionNode = FALSE
	EndGlobalSection
	GlobalSection(ExtensibilityGlobals) = postSolution
		SolutionGuid = {321FFA79-ADF5-4E96-B824-4ABFA1AA3254}
	EndGlobalSection
EndGlobal
